
Microsoft Visual Studio Solution File, Format Version 12.00
# Visual Studio Version 16
VisualStudioVersion = 16.0.31729.503
MinimumVisualStudioVersion = 10.0.40219.1
Project("{FAE04EC0-301F-11D3-BF4B-00C04F79EFBC}") = "InAndOut", "InAndOut\InAndOut.csproj", "{A81E2401-14B5-4F2C-911A-67CB9D20358E}"
EndProject
Global
	GlobalSection(SolutionConfigurationPlatforms) = preSolution
		Debug|Any CPU = Debug|Any CPU
		Release|Any CPU = Release|Any CPU
	EndGlobalSection
	GlobalSection(ProjectConfigurationPlatforms) = postSolution
		{A81E2401-14B5-4F2C-911A-67CB9D20358E}.Debug|Any CPU.ActiveCfg = Debug|Any CPU
		{A81E2401-14B5-4F2C-911A-67CB9D20358E}.Debug|Any CPU.Build.0 = Debug|Any CPU
		{A81E2401-14B5-4F2C-911A-67CB9D20358E}.Release|Any CPU.ActiveCfg = Release|Any CPU
		{A81E2401-14B5-4F2C-911A-67CB9D20358E}.Release|Any CPU.Build.0 = Release|Any CPU
	EndGlobalSection
	GlobalSection(SolutionProperties) = preSolution
		HideSolutionNode = FALSE
	EndGlobalSection
	GlobalSection(ExtensibilityGlobals) = postSolution
		SolutionGuid = {BAF7CB23-9187-40FE-A542-3736AA44DABC}
	EndGlobalSection
EndGlobal
